
Microsoft Visual Studio Solution File, Format Version 12.00
# Visual Studio 14
VisualStudioVersion = 14.0.25420.1
MinimumVisualStudioVersion = 10.0.40219.1
Project("{8BC9CEB8-8B4A-11D0-8D11-00A0C91BC942}") = "rocketmq-client-cpp", "rocketmq-client-cpp.vcxproj", "{DFF2BED1-4A9E-4B0B-B1EC-F01D70457E13}"
EndProject
Project("{8BC9CEB8-8B4A-11D0-8D11-00A0C91BC942}") = "AsyncProducer", "AsyncProducer.vcxproj", "{AC059D17-1D30-4D83-AE00-5FFFE3ED50A9}"
	ProjectSection(ProjectDependencies) = postProject
		{DFF2BED1-4A9E-4B0B-B1EC-F01D70457E13} = {DFF2BED1-4A9E-4B0B-B1EC-F01D70457E13}
	EndProjectSection
EndProject
Project("{8BC9CEB8-8B4A-11D0-8D11-00A0C91BC942}") = "AsyncPushConsumer", "AsyncPushConsumer.vcxproj", "{19D42952-0418-4162-92EA-6B601B11847C}"
	ProjectSection(ProjectDependencies) = postProject
		{DFF2BED1-4A9E-4B0B-B1EC-F01D70457E13} = {DFF2BED1-4A9E-4B0B-B1EC-F01D70457E13}
	EndProjectSection
EndProject
Project("{8BC9CEB8-8B4A-11D0-8D11-00A0C91BC942}") = "OrderlyPushConsumer", "OrderlyPushConsumer.vcxproj", "{F1657573-16CB-440E-9CAD-E6333141377D}"
	ProjectSection(ProjectDependencies) = postProject
		{DFF2BED1-4A9E-4B0B-B1EC-F01D70457E13} = {DFF2BED1-4A9E-4B0B-B1EC-F01D70457E13}
	EndProjectSection
EndProject
Project("{8BC9CEB8-8B4A-11D0-8D11-00A0C91BC942}") = "OrderProducer", "OrderProducer.vcxproj", "{7BB3595B-CF36-4F12-8F12-897342C643CD}"
	ProjectSection(ProjectDependencies) = postProject
		{DFF2BED1-4A9E-4B0B-B1EC-F01D70457E13} = {DFF2BED1-4A9E-4B0B-B1EC-F01D70457E13}
	EndProjectSection
EndProject
Project("{8BC9CEB8-8B4A-11D0-8D11-00A0C91BC942}") = "Producer", "Producer.vcxproj", "{52063BCB-8547-463D-AADA-A086B5339167}"
	ProjectSection(ProjectDependencies) = postProject
		{DFF2BED1-4A9E-4B0B-B1EC-F01D70457E13} = {DFF2BED1-4A9E-4B0B-B1EC-F01D70457E13}
	EndProjectSection
EndProject
Project("{8BC9CEB8-8B4A-11D0-8D11-00A0C91BC942}") = "PullConsumer", "PullConsumer.vcxproj", "{B167E18F-71BE-4873-A806-6B340C5838EF}"
	ProjectSection(ProjectDependencies) = postProject
		{DFF2BED1-4A9E-4B0B-B1EC-F01D70457E13} = {DFF2BED1-4A9E-4B0B-B1EC-F01D70457E13}
	EndProjectSection
EndProject
Project("{8BC9CEB8-8B4A-11D0-8D11-00A0C91BC942}") = "PushConsumeMessage", "PushConsumeMessage.vcxproj", "{00DA7C52-1EB6-46B5-9D2A-177E6A81F598}"
	ProjectSection(ProjectDependencies) = postProject
		{DFF2BED1-4A9E-4B0B-B1EC-F01D70457E13} = {DFF2BED1-4A9E-4B0B-B1EC-F01D70457E13}
	EndProjectSection
EndProject
Project("{8BC9CEB8-8B4A-11D0-8D11-00A0C91BC942}") = "PushConsumer", "PushConsumer.vcxproj", "{07CA501C-90B7-45A5-BC89-886ACB3B30CC}"
	ProjectSection(ProjectDependencies) = postProject
		{DFF2BED1-4A9E-4B0B-B1EC-F01D70457E13} = {DFF2BED1-4A9E-4B0B-B1EC-F01D70457E13}
	EndProjectSection
EndProject
Project("{8BC9CEB8-8B4A-11D0-8D11-00A0C91BC942}") = "SendDelayMsg", "SendDelayMsg.vcxproj", "{0B156CC7-A991-4554-A29D-8CD0ED982773}"
	ProjectSection(ProjectDependencies) = postProject
		{DFF2BED1-4A9E-4B0B-B1EC-F01D70457E13} = {DFF2BED1-4A9E-4B0B-B1EC-F01D70457E13}
	EndProjectSection
EndProject
Project("{8BC9CEB8-8B4A-11D0-8D11-00A0C91BC942}") = "SyncProducer", "SyncProducer.vcxproj", "{C281AB41-79DE-49DD-AEEF-F300C0580D18}"
	ProjectSection(ProjectDependencies) = postProject
		{DFF2BED1-4A9E-4B0B-B1EC-F01D70457E13} = {DFF2BED1-4A9E-4B0B-B1EC-F01D70457E13}
	EndProjectSection
EndProject
Project("{2150E333-8FDC-42A3-9474-1A3956D46DE8}") = "example", "example", "{9B81E85B-7438-4B55-8BE0-798B4A7C8775}"
EndProject
Project("{2150E333-8FDC-42A3-9474-1A3956D46DE8}") = "lib", "lib", "{097B656C-BF7C-445B-9C2B-57292DF0BD92}"
EndProject
Global
	GlobalSection(SolutionConfigurationPlatforms) = preSolution
		Debug|x64 = Debug|x64
		Debug|x86 = Debug|x86
		Release|x64 = Release|x64
		Release|x86 = Release|x86
	EndGlobalSection
	GlobalSection(ProjectConfigurationPlatforms) = postSolution
		{DFF2BED1-4A9E-4B0B-B1EC-F01D70457E13}.Debug|x64.ActiveCfg = Debug|x64
		{DFF2BED1-4A9E-4B0B-B1EC-F01D70457E13}.Debug|x64.Build.0 = Debug|x64
		{DFF2BED1-4A9E-4B0B-B1EC-F01D70457E13}.Debug|x86.ActiveCfg = Debug|Win32
		{DFF2BED1-4A9E-4B0B-B1EC-F01D70457E13}.Debug|x86.Build.0 = Debug|Win32
		{DFF2BED1-4A9E-4B0B-B1EC-F01D70457E13}.Release|x64.ActiveCfg = Release|x64
		{DFF2BED1-4A9E-4B0B-B1EC-F01D70457E13}.Release|x64.Build.0 = Release|x64
		{DFF2BED1-4A9E-4B0B-B1EC-F01D70457E13}.Release|x86.ActiveCfg = Release|Win32
		{DFF2BED1-4A9E-4B0B-B1EC-F01D70457E13}.Release|x86.Build.0 = Release|Win32
		{AC059D17-1D30-4D83-AE00-5FFFE3ED50A9}.Debug|x64.ActiveCfg = Debug|x64
		{AC059D17-1D30-4D83-AE00-5FFFE3ED50A9}.Debug|x64.Build.0 = Debug|x64
		{AC059D17-1D30-4D83-AE00-5FFFE3ED50A9}.Debug|x86.ActiveCfg = Debug|Win32
		{AC059D17-1D30-4D83-AE00-5FFFE3ED50A9}.Debug|x86.Build.0 = Debug|Win32
		{AC059D17-1D30-4D83-AE00-5FFFE3ED50A9}.Release|x64.ActiveCfg = Release|x64
		{AC059D17-1D30-4D83-AE00-5FFFE3ED50A9}.Release|x64.Build.0 = Release|x64
		{AC059D17-1D30-4D83-AE00-5FFFE3ED50A9}.Release|x86.ActiveCfg = Release|Win32
		{AC059D17-1D30-4D83-AE00-5FFFE3ED50A9}.Release|x86.Build.0 = Release|Win32
		{19D42952-0418-4162-92EA-6B601B11847C}.Debug|x64.ActiveCfg = Debug|x64
		{19D42952-0418-4162-92EA-6B601B11847C}.Debug|x64.Build.0 = Debug|x64
		{19D42952-0418-4162-92EA-6B601B11847C}.Debug|x86.ActiveCfg = Debug|Win32
		{19D42952-0418-4162-92EA-6B601B11847C}.Debug|x86.Build.0 = Debug|Win32
		{19D42952-0418-4162-92EA-6B601B11847C}.Release|x64.ActiveCfg = Release|x64
		{19D42952-0418-4162-92EA-6B601B11847C}.Release|x64.Build.0 = Release|x64
		{19D42952-0418-4162-92EA-6B601B11847C}.Release|x86.ActiveCfg = Release|Win32
		{19D42952-0418-4162-92EA-6B601B11847C}.Release|x86.Build.0 = Release|Win32
		{F1657573-16CB-440E-9CAD-E6333141377D}.Debug|x64.ActiveCfg = Debug|x64
		{F1657573-16CB-440E-9CAD-E6333141377D}.Debug|x64.Build.0 = Debug|x64
		{F1657573-16CB-440E-9CAD-E6333141377D}.Debug|x86.ActiveCfg = Debug|Win32
		{F1657573-16CB-440E-9CAD-E6333141377D}.Debug|x86.Build.0 = Debug|Win32
		{F1657573-16CB-440E-9CAD-E6333141377D}.Release|x64.ActiveCfg = Release|x64
		{F1657573-16CB-440E-9CAD-E6333141377D}.Release|x64.Build.0 = Release|x64
		{F1657573-16CB-440E-9CAD-E6333141377D}.Release|x86.ActiveCfg = Release|Win32
		{F1657573-16CB-440E-9CAD-E6333141377D}.Release|x86.Build.0 = Release|Win32
		{7BB3595B-CF36-4F12-8F12-897342C643CD}.Debug|x64.ActiveCfg = Debug|x64
		{7BB3595B-CF36-4F12-8F12-897342C643CD}.Debug|x64.Build.0 = Debug|x64
		{7BB3595B-CF36-4F12-8F12-897342C643CD}.Debug|x86.ActiveCfg = Debug|Win32
		{7BB3595B-CF36-4F12-8F12-897342C643CD}.Debug|x86.Build.0 = Debug|Win32
		{7BB3595B-CF36-4F12-8F12-897342C643CD}.Release|x64.ActiveCfg = Release|x64
		{7BB3595B-CF36-4F12-8F12-897342C643CD}.Release|x64.Build.0 = Release|x64
		{7BB3595B-CF36-4F12-8F12-897342C643CD}.Release|x86.ActiveCfg = Release|Win32
		{7BB3595B-CF36-4F12-8F12-897342C643CD}.Release|x86.Build.0 = Release|Win32
		{52063BCB-8547-463D-AADA-A086B5339167}.Debug|x64.ActiveCfg = Debug|x64
		{52063BCB-8547-463D-AADA-A086B5339167}.Debug|x64.Build.0 = Debug|x64
		{52063BCB-8547-463D-AADA-A086B5339167}.Debug|x86.ActiveCfg = Debug|Win32
		{52063BCB-8547-463D-AADA-A086B5339167}.Debug|x86.Build.0 = Debug|Win32
		{52063BCB-8547-463D-AADA-A086B5339167}.Release|x64.ActiveCfg = Release|x64
		{52063BCB-8547-463D-AADA-A086B5339167}.Release|x64.Build.0 = Release|x64
		{52063BCB-8547-463D-AADA-A086B5339167}.Release|x86.ActiveCfg = Release|Win32
		{52063BCB-8547-463D-AADA-A086B5339167}.Release|x86.Build.0 = Release|Win32
		{B167E18F-71BE-4873-A806-6B340C5838EF}.Debug|x64.ActiveCfg = Debug|x64
		{B167E18F-71BE-4873-A806-6B340C5838EF}.Debug|x64.Build.0 = Debug|x64
		{B167E18F-71BE-4873-A806-6B340C5838EF}.Debug|x86.ActiveCfg = Debug|Win32
		{B167E18F-71BE-4873-A806-6B340C5838EF}.Debug|x86.Build.0 = Debug|Win32
		{B167E18F-71BE-4873-A806-6B340C5838EF}.Release|x64.ActiveCfg = Release|x64
		{B167E18F-71BE-4873-A806-6B340C5838EF}.Release|x64.Build.0 = Release|x64
		{B167E18F-71BE-4873-A806-6B340C5838EF}.Release|x86.ActiveCfg = Release|Win32
		{B167E18F-71BE-4873-A806-6B340C5838EF}.Release|x86.Build.0 = Release|Win32
		{00DA7C52-1EB6-46B5-9D2A-177E6A81F598}.Debug|x64.ActiveCfg = Debug|x64
		{00DA7C52-1EB6-46B5-9D2A-177E6A81F598}.Debug|x64.Build.0 = Debug|x64
		{00DA7C52-1EB6-46B5-9D2A-177E6A81F598}.Debug|x86.ActiveCfg = Debug|Win32
		{00DA7C52-1EB6-46B5-9D2A-177E6A81F598}.Debug|x86.Build.0 = Debug|Win32
		{00DA7C52-1EB6-46B5-9D2A-177E6A81F598}.Release|x64.ActiveCfg = Release|x64
		{00DA7C52-1EB6-46B5-9D2A-177E6A81F598}.Release|x64.Build.0 = Release|x64
		{00DA7C52-1EB6-46B5-9D2A-177E6A81F598}.Release|x86.ActiveCfg = Release|Win32
		{00DA7C52-1EB6-46B5-9D2A-177E6A81F598}.Release|x86.Build.0 = Release|Win32
		{07CA501C-90B7-45A5-BC89-886ACB3B30CC}.Debug|x64.ActiveCfg = Debug|x64
		{07CA501C-90B7-45A5-BC89-886ACB3B30CC}.Debug|x64.Build.0 = Debug|x64
		{07CA501C-90B7-45A5-BC89-886ACB3B30CC}.Debug|x86.ActiveCfg = Debug|Win32
		{07CA501C-90B7-45A5-BC89-886ACB3B30CC}.Debug|x86.Build.0 = Debug|Win32
		{07CA501C-90B7-45A5-BC89-886ACB3B30CC}.Release|x64.ActiveCfg = Release|x64
		{07CA501C-90B7-45A5-BC89-886ACB3B30CC}.Release|x64.Build.0 = Release|x64
		{07CA501C-90B7-45A5-BC89-886ACB3B30CC}.Release|x86.ActiveCfg = Release|Win32
		{07CA501C-90B7-45A5-BC89-886ACB3B30CC}.Release|x86.Build.0 = Release|Win32
		{0B156CC7-A991-4554-A29D-8CD0ED982773}.Debug|x64.ActiveCfg = Debug|x64
		{0B156CC7-A991-4554-A29D-8CD0ED982773}.Debug|x64.Build.0 = Debug|x64
		{0B156CC7-A991-4554-A29D-8CD0ED982773}.Debug|x86.ActiveCfg = Debug|Win32
		{0B156CC7-A991-4554-A29D-8CD0ED982773}.Debug|x86.Build.0 = Debug|Win32
		{0B156CC7-A991-4554-A29D-8CD0ED982773}.Release|x64.ActiveCfg = Release|x64
		{0B156CC7-A991-4554-A29D-8CD0ED982773}.Release|x64.Build.0 = Release|x64
		{0B156CC7-A991-4554-A29D-8CD0ED982773}.Release|x86.ActiveCfg = Release|Win32
		{0B156CC7-A991-4554-A29D-8CD0ED982773}.Release|x86.Build.0 = Release|Win32
		{C281AB41-79DE-49DD-AEEF-F300C0580D18}.Debug|x64.ActiveCfg = Debug|x64
		{C281AB41-79DE-49DD-AEEF-F300C0580D18}.Debug|x64.Build.0 = Debug|x64
		{C281AB41-79DE-49DD-AEEF-F300C0580D18}.Debug|x86.ActiveCfg = Debug|Win32
		{C281AB41-79DE-49DD-AEEF-F300C0580D18}.Debug|x86.Build.0 = Debug|Win32
		{C281AB41-79DE-49DD-AEEF-F300C0580D18}.Release|x64.ActiveCfg = Release|x64
		{C281AB41-79DE-49DD-AEEF-F300C0580D18}.Release|x64.Build.0 = Release|x64
		{C281AB41-79DE-49DD-AEEF-F300C0580D18}.Release|x86.ActiveCfg = Release|Win32
		{C281AB41-79DE-49DD-AEEF-F300C0580D18}.Release|x86.Build.0 = Release|Win32
	EndGlobalSection
	GlobalSection(SolutionProperties) = preSolution
		HideSolutionNode = FALSE
	EndGlobalSection
	GlobalSection(NestedProjects) = preSolution
		{DFF2BED1-4A9E-4B0B-B1EC-F01D70457E13} = {097B656C-BF7C-445B-9C2B-57292DF0BD92}
		{AC059D17-1D30-4D83-AE00-5FFFE3ED50A9} = {9B81E85B-7438-4B55-8BE0-798B4A7C8775}
		{19D42952-0418-4162-92EA-6B601B11847C} = {9B81E85B-7438-4B55-8BE0-798B4A7C8775}
		{F1657573-16CB-440E-9CAD-E6333141377D} = {9B81E85B-7438-4B55-8BE0-798B4A7C8775}
		{7BB3595B-CF36-4F12-8F12-897342C643CD} = {9B81E85B-7438-4B55-8BE0-798B4A7C8775}
		{52063BCB-8547-463D-AADA-A086B5339167} = {9B81E85B-7438-4B55-8BE0-798B4A7C8775}
		{B167E18F-71BE-4873-A806-6B340C5838EF} = {9B81E85B-7438-4B55-8BE0-798B4A7C8775}
		{00DA7C52-1EB6-46B5-9D2A-177E6A81F598} = {9B81E85B-7438-4B55-8BE0-798B4A7C8775}
		{07CA501C-90B7-45A5-BC89-886ACB3B30CC} = {9B81E85B-7438-4B55-8BE0-798B4A7C8775}
		{0B156CC7-A991-4554-A29D-8CD0ED982773} = {9B81E85B-7438-4B55-8BE0-798B4A7C8775}
		{C281AB41-79DE-49DD-AEEF-F300C0580D18} = {9B81E85B-7438-4B55-8BE0-798B4A7C8775}
	EndGlobalSection
EndGlobal
